// !$*UTF8*$!
{
	archiveVersion = 1;
	classes = {
	};
	objectVersion = 46;
	objects = {

/* Begin PBXBuildFile section */
		FE0135671A3B17DD0016534A /* libboost_system.a in Frameworks */ = {isa = PBXBuildFile; fileRef = FE49B79F1A29F3AF00BDC64D /* libboost_system.a */; };
		FE8256F41A3EBA290026AFC2 /* ai.cpp in Sources */ = {isa = PBXBuildFile; fileRef = FE8256E91A3EBA290026AFC2 /* ai.cpp */; };
		FE8256F51A3EBA290026AFC2 /* animal.cpp in Sources */ = {isa = PBXBuildFile; fileRef = FE8256EB1A3EBA290026AFC2 /* animal.cpp */; };
		FE8256F61A3EBA290026AFC2 /* board.cpp in Sources */ = {isa = PBXBuildFile; fileRef = FE8256ED1A3EBA290026AFC2 /* board.cpp */; };
		FE8256F71A3EBA290026AFC2 /* helper.cpp in Sources */ = {isa = PBXBuildFile; fileRef = FE8256EF1A3EBA290026AFC2 /* helper.cpp */; };
		FE8256F81A3EBA290026AFC2 /* main.cpp in Sources */ = {isa = PBXBuildFile; fileRef = FE8256F11A3EBA290026AFC2 /* main.cpp */; };
		FE8256F91A3EBA290026AFC2 /* network.cpp in Sources */ = {isa = PBXBuildFile; fileRef = FE8256F21A3EBA290026AFC2 /* network.cpp */; };
/* End PBXBuildFile section */

/* Begin PBXCopyFilesBuildPhase section */
		FE0135681A3B17DD0016534A /* CopyFiles */ = {
			isa = PBXCopyFilesBuildPhase;
			buildActionMask = 2147483647;
			dstPath = /usr/share/man/man1/;
			dstSubfolderSpec = 0;
			files = (
			);
			runOnlyForDeploymentPostprocessing = 1;
		};
/* End PBXCopyFilesBuildPhase section */

/* Begin PBXFileReference section */
		FE01356C1A3B17DD0016534A /* Random copy */ = {isa = PBXFileReference; explicitFileType = "compiled.mach-o.executable"; includeInIndex = 0; path = "Random copy"; sourceTree = BUILT_PRODUCTS_DIR; };
		FE49B79F1A29F3AF00BDC64D /* libboost_system.a */ = {isa = PBXFileReference; lastKnownFileType = archive.ar; name = libboost_system.a; path = ../../../../../usr/local/Cellar/boost/1.56.0/lib/libboost_system.a; sourceTree = "<group>"; };
		FE8256E91A3EBA290026AFC2 /* ai.cpp */ = {isa = PBXFileReference; fileEncoding = 4; lastKnownFileType = sourcecode.cpp.cpp; name = ai.cpp; path = Stupid/ai.cpp; sourceTree = "<group>"; };
		FE8256EA1A3EBA290026AFC2 /* ai.h */ = {isa = PBXFileReference; fileEncoding = 4; lastKnownFileType = sourcecode.c.h; name = ai.h; path = Stupid/ai.h; sourceTree = "<group>"; };
		FE8256EB1A3EBA290026AFC2 /* animal.cpp */ = {isa = PBXFileReference; fileEncoding = 4; lastKnownFileType = sourcecode.cpp.cpp; name = animal.cpp; path = Stupid/animal.cpp; sourceTree = "<group>"; };
		FE8256EC1A3EBA290026AFC2 /* animal.h */ = {isa = PBXFileReference; fileEncoding = 4; lastKnownFileType = sourcecode.c.h; name = animal.h; path = Stupid/animal.h; sourceTree = "<group>"; };
		FE8256ED1A3EBA290026AFC2 /* board.cpp */ = {isa = PBXFileReference; fileEncoding = 4; lastKnownFileType = sourcecode.cpp.cpp; name = board.cpp; path = Stupid/board.cpp; sourceTree = "<group>"; };
		FE8256EE1A3EBA290026AFC2 /* board.h */ = {isa = PBXFileReference; fileEncoding = 4; lastKnownFileType = sourcecode.c.h; name = board.h; path = Stupid/board.h; sourceTree = "<group>"; };
		FE8256EF1A3EBA290026AFC2 /* helper.cpp */ = {isa = PBXFileReference; fileEncoding = 4; lastKnownFileType = sourcecode.cpp.cpp; name = helper.cpp; path = Stupid/helper.cpp; sourceTree = "<group>"; };
		FE8256F01A3EBA290026AFC2 /* helper.h */ = {isa = PBXFileReference; fileEncoding = 4; lastKnownFileType = sourcecode.c.h; name = helper.h; path = Stupid/helper.h; sourceTree = "<group>"; };
		FE8256F11A3EBA290026AFC2 /* main.cpp */ = {isa = PBXFileReference; fileEncoding = 4; lastKnownFileType = sourcecode.cpp.cpp; name = main.cpp; path = Stupid/main.cpp; sourceTree = "<group>"; };
		FE8256F21A3EBA290026AFC2 /* network.cpp */ = {isa = PBXFileReference; fileEncoding = 4; lastKnownFileType = sourcecode.cpp.cpp; name = network.cpp; path = Stupid/network.cpp; sourceTree = "<group>"; };
		FE8256F31A3EBA290026AFC2 /* network.h */ = {isa = PBXFileReference; fileEncoding = 4; lastKnownFileType = sourcecode.c.h; name = network.h; path = Stupid/network.h; sourceTree = "<group>"; };
/* End PBXFileReference section */

/* Begin PBXFrameworksBuildPhase section */
		FE0135661A3B17DD0016534A /* Frameworks */ = {
			isa = PBXFrameworksBuildPhase;
			buildActionMask = 2147483647;
			files = (
				FE0135671A3B17DD0016534A /* libboost_system.a in Frameworks */,
			);
			runOnlyForDeploymentPostprocessing = 0;
		};
/* End PBXFrameworksBuildPhase section */

/* Begin PBXGroup section */
		FE8256E81A3EBA030026AFC2 /* Stupid */ = {
			isa = PBXGroup;
			children = (
				FE8256E91A3EBA290026AFC2 /* ai.cpp */,
				FE8256EA1A3EBA290026AFC2 /* ai.h */,
				FE8256EB1A3EBA290026AFC2 /* animal.cpp */,
				FE8256EC1A3EBA290026AFC2 /* animal.h */,
				FE8256ED1A3EBA290026AFC2 /* board.cpp */,
				FE8256EE1A3EBA290026AFC2 /* board.h */,
				FE8256EF1A3EBA290026AFC2 /* helper.cpp */,
				FE8256F01A3EBA290026AFC2 /* helper.h */,
				FE8256F11A3EBA290026AFC2 /* main.cpp */,
				FE8256F21A3EBA290026AFC2 /* network.cpp */,
				FE8256F31A3EBA290026AFC2 /* network.h */,
			);
			name = Stupid;
			sourceTree = "<group>";
		};
		FE8A99D71A2713DC009E2795 = {
			isa = PBXGroup;
			children = (
				FE49B79F1A29F3AF00BDC64D /* libboost_system.a */,
				FE8256E81A3EBA030026AFC2 /* Stupid */,
				FE8A99E11A2713DC009E2795 /* Products */,
			);
			sourceTree = "<group>";
		};
		FE8A99E11A2713DC009E2795 /* Products */ = {
			isa = PBXGroup;
			children = (
				FE01356C1A3B17DD0016534A /* Random copy */,
			);
			name = Products;
			sourceTree = "<group>";
		};
/* End PBXGroup section */

/* Begin PBXNativeTarget section */
		FE01355E1A3B17DD0016534A /* animal-ai */ = {
			isa = PBXNativeTarget;
			buildConfigurationList = FE0135691A3B17DD0016534A /* Build configuration list for PBXNativeTarget "animal-ai" */;
			buildPhases = (
				FE01355F1A3B17DD0016534A /* Sources */,
				FE0135661A3B17DD0016534A /* Frameworks */,
				FE0135681A3B17DD0016534A /* CopyFiles */,
			);
			buildRules = (
			);
			dependencies = (
			);
			name = "animal-ai";
			productName = Random;
			productReference = FE01356C1A3B17DD0016534A /* Random copy */;
			productType = "com.apple.product-type.tool";
		};
/* End PBXNativeTarget section */

/* Begin PBXProject section */
		FE8A99D81A2713DC009E2795 /* Project object */ = {
			isa = PBXProject;
			attributes = {
				LastUpgradeCheck = 0610;
				ORGANIZATIONNAME = "Lequn Chen";
			};
			buildConfigurationList = FE8A99DB1A2713DC009E2795 /* Build configuration list for PBXProject "animal-ai" */;
			compatibilityVersion = "Xcode 3.2";
			developmentRegion = English;
			hasScannedForEncodings = 0;
			knownRegions = (
				en,
			);
			mainGroup = FE8A99D71A2713DC009E2795;
			productRefGroup = FE8A99E11A2713DC009E2795 /* Products */;
			projectDirPath = "";
			projectRoot = "";
			targets = (
				FE01355E1A3B17DD0016534A /* animal-ai */,
			);
		};
/* End PBXProject section */

/* Begin PBXSourcesBuildPhase section */
		FE01355F1A3B17DD0016534A /* Sources */ = {
			isa = PBXSourcesBuildPhase;
			buildActionMask = 2147483647;
			files = (
				FE8256F91A3EBA290026AFC2 /* network.cpp in Sources */,
				FE8256F61A3EBA290026AFC2 /* board.cpp in Sources */,
				FE8256F81A3EBA290026AFC2 /* main.cpp in Sources */,
				FE8256F41A3EBA290026AFC2 /* ai.cpp in Sources */,
				FE8256F51A3EBA290026AFC2 /* animal.cpp in Sources */,
				FE8256F71A3EBA290026AFC2 /* helper.cpp in Sources */,
			);
			runOnlyForDeploymentPostprocessing = 0;
		};
/* End PBXSourcesBuildPhase section */

/* Begin XCBuildConfiguration section */
		FE01356A1A3B17DD0016534A /* Debug */ = {
			isa = XCBuildConfiguration;
			buildSettings = {
				GCC_PREPROCESSOR_DEFINITIONS = (
					"DEBUG=1",
					"$(inherited)",
				);
				HEADER_SEARCH_PATHS = (
					"$(inherited)",
					/Applications/Xcode.app/Contents/Developer/Toolchains/XcodeDefault.xctoolchain/usr/include,
				);
				LIBRARY_SEARCH_PATHS = /usr/local/Cellar/boost/1.56.0/lib;
				OTHER_CPLUSPLUSFLAGS = (
					"$(OTHER_CFLAGS)",
					"-isystem",
					/usr/local/Cellar/boost/1.56.0/include,
				);
				PRELINK_LIBS = "";
				PRODUCT_NAME = "Random copy";
			};
			name = Debug;
		};
		FE01356B1A3B17DD0016534A /* Release */ = {
			isa = XCBuildConfiguration;
			buildSettings = {
				HEADER_SEARCH_PATHS = (
					"$(inherited)",
					/Applications/Xcode.app/Contents/Developer/Toolchains/XcodeDefault.xctoolchain/usr/include,
				);
				LIBRARY_SEARCH_PATHS = /usr/local/Cellar/boost/1.56.0/lib;
				OTHER_CPLUSPLUSFLAGS = (
					"$(OTHER_CFLAGS)",
					"-isystem",
					/usr/local/Cellar/boost/1.56.0/include,
				);
				PRELINK_LIBS = "";
				PRODUCT_NAME = "Random copy";
			};
			name = Release;
		};
		FE8A99E51A2713DC009E2795 /* Debug */ = {
			isa = XCBuildConfiguration;
			buildSettings = {
				ALWAYS_SEARCH_USER_PATHS = NO;
				CLANG_CXX_LANGUAGE_STANDARD = "c++0x";
				CLANG_CXX_LIBRARY = "libc++";
				CLANG_ENABLE_MODULES = YES;
				CLANG_ENABLE_OBJC_ARC = YES;
				CLANG_WARN_BOOL_CONVERSION = YES;
				CLANG_WARN_CONSTANT_CONVERSION = YES;
				CLANG_WARN_DIRECT_OBJC_ISA_USAGE = YES_ERROR;
				CLANG_WARN_EMPTY_BODY = YES;
				CLANG_WARN_ENUM_CONVERSION = YES;
				CLANG_WARN_INT_CONVERSION = YES;
				CLANG_WARN_OBJC_ROOT_CLASS = YES_ERROR;
				CLANG_WARN_UNREACHABLE_CODE = YES;
				CLANG_WARN__DUPLICATE_METHOD_MATCH = YES;
				COPY_PHASE_STRIP = NO;
				ENABLE_STRICT_OBJC_MSGSEND = YES;
				GCC_C_LANGUAGE_STANDARD = gnu99;
				GCC_DYNAMIC_NO_PIC = NO;
				GCC_OPTIMIZATION_LEVEL = 0;
				GCC_PREPROCESSOR_DEFINITIONS = (
					"DEBUG=1",
					"$(inherited)",
				);
				GCC_SYMBOLS_PRIVATE_EXTERN = NO;
				GCC_WARN_64_TO_32_BIT_CONVERSION = YES;
				GCC_WARN_ABOUT_RETURN_TYPE = YES_ERROR;
				GCC_WARN_UNDECLARED_SELECTOR = YES;
				GCC_WARN_UNINITIALIZED_AUTOS = YES_AGGRESSIVE;
				GCC_WARN_UNUSED_FUNCTION = YES;
				GCC_WARN_UNUSED_VARIABLE = YES;
				MACOSX_DEPLOYMENT_TARGET = 10.10;
				MTL_ENABLE_DEBUG_INFO = YES;
				ONLY_ACTIVE_ARCH = YES;
				SDKROOT = macosx;
			};
			name = Debug;
		};
		FE8A99E61A2713DC009E2795 /* Release */ = {
			isa = XCBuildConfiguration;
			buildSettings = {
				ALWAYS_SEARCH_USER_PATHS = NO;
				CLANG_CXX_LANGUAGE_STANDARD = "c++0x";
				CLANG_CXX_LIBRARY = "libc++";
				CLANG_ENABLE_MODULES = YES;
				CLANG_ENABLE_OBJC_ARC = YES;
				CLANG_WARN_BOOL_CONVERSION = YES;
				CLANG_WARN_CONSTANT_CONVERSION = YES;
				CLANG_WARN_DIRECT_OBJC_ISA_USAGE = YES_ERROR;
				CLANG_WARN_EMPTY_BODY = YES;
				CLANG_WARN_ENUM_CONVERSION = YES;
				CLANG_WARN_INT_CONVERSION = YES;
				CLANG_WARN_OBJC_ROOT_CLASS = YES_ERROR;
				CLANG_WARN_UNREACHABLE_CODE = YES;
				CLANG_WARN__DUPLICATE_METHOD_MATCH = YES;
				COPY_PHASE_STRIP = YES;
				DEBUG_INFORMATION_FORMAT = "dwarf-with-dsym";
				ENABLE_NS_ASSERTIONS = NO;
				ENABLE_STRICT_OBJC_MSGSEND = YES;
				GCC_C_LANGUAGE_STANDARD = gnu99;
				GCC_WARN_64_TO_32_BIT_CONVERSION = YES;
				GCC_WARN_ABOUT_RETURN_TYPE = YES_ERROR;
				GCC_WARN_UNDECLARED_SELECTOR = YES;
				GCC_WARN_UNINITIALIZED_AUTOS = YES_AGGRESSIVE;
				GCC_WARN_UNUSED_FUNCTION = YES;
				GCC_WARN_UNUSED_VARIABLE = YES;
				MACOSX_DEPLOYMENT_TARGET = 10.10;
				MTL_ENABLE_DEBUG_INFO = NO;
				SDKROOT = macosx;
			};
			name = Release;
		};
/* End XCBuildConfiguration section */

/* Begin XCConfigurationList section */
		FE0135691A3B17DD0016534A /* Build configuration list for PBXNativeTarget "animal-ai" */ = {
			isa = XCConfigurationList;
			buildConfigurations = (
				FE01356A1A3B17DD0016534A /* Debug */,
				FE01356B1A3B17DD0016534A /* Release */,
			);
			defaultConfigurationIsVisible = 0;
			defaultConfigurationName = Release;
		};
		FE8A99DB1A2713DC009E2795 /* Build configuration list for PBXProject "animal-ai" */ = {
			isa = XCConfigurationList;
			buildConfigurations = (
				FE8A99E51A2713DC009E2795 /* Debug */,
				FE8A99E61A2713DC009E2795 /* Release */,
			);
			defaultConfigurationIsVisible = 0;
			defaultConfigurationName = Release;
		};
/* End XCConfigurationList section */
	};
	rootObject = FE8A99D81A2713DC009E2795 /* Project object */;
}
